
Microsoft Visual Studio Solution File, Format Version 12.00
# Visual Studio Version 16
VisualStudioVersion = 16.0.31624.102
MinimumVisualStudioVersion = 10.0.40219.1
Project("{FAE04EC0-301F-11D3-BF4B-00C04F79EFBC}") = "App2.Android", "App2.Android\App2.Android.csproj", "{88823760-7B58-48BA-876E-D292F43DE96B}"
EndProject
Project("{FAE04EC0-301F-11D3-BF4B-00C04F79EFBC}") = "App2", "App2\App2.csproj", "{610EFA77-D7C2-4F9A-8365-A9C16FBC0953}"
EndProject
Global
	GlobalSection(SolutionConfigurationPlatforms) = preSolution
		Debug|Any CPU = Debug|Any CPU
		Release|Any CPU = Release|Any CPU
	EndGlobalSection
	GlobalSection(ProjectConfigurationPlatforms) = postSolution
		{88823760-7B58-48BA-876E-D292F43DE96B}.Debug|Any CPU.ActiveCfg = Debug|Any CPU
		{88823760-7B58-48BA-876E-D292F43DE96B}.Debug|Any CPU.Build.0 = Debug|Any CPU
		{88823760-7B58-48BA-876E-D292F43DE96B}.Debug|Any CPU.Deploy.0 = Debug|Any CPU
		{88823760-7B58-48BA-876E-D292F43DE96B}.Release|Any CPU.ActiveCfg = Release|Any CPU
		{88823760-7B58-48BA-876E-D292F43DE96B}.Release|Any CPU.Build.0 = Release|Any CPU
		{88823760-7B58-48BA-876E-D292F43DE96B}.Release|Any CPU.Deploy.0 = Release|Any CPU
		{610EFA77-D7C2-4F9A-8365-A9C16FBC0953}.Debug|Any CPU.ActiveCfg = Debug|Any CPU
		{610EFA77-D7C2-4F9A-8365-A9C16FBC0953}.Debug|Any CPU.Build.0 = Debug|Any CPU
		{610EFA77-D7C2-4F9A-8365-A9C16FBC0953}.Debug|Any CPU.Deploy.0 = Debug|Any CPU
		{610EFA77-D7C2-4F9A-8365-A9C16FBC0953}.Release|Any CPU.ActiveCfg = Release|Any CPU
		{610EFA77-D7C2-4F9A-8365-A9C16FBC0953}.Release|Any CPU.Build.0 = Release|Any CPU
		{610EFA77-D7C2-4F9A-8365-A9C16FBC0953}.Release|Any CPU.Deploy.0 = Release|Any CPU
	EndGlobalSection
	GlobalSection(SolutionProperties) = preSolution
		HideSolutionNode = FALSE
	EndGlobalSection
	GlobalSection(ExtensibilityGlobals) = postSolution
		SolutionGuid = {00B2D3A6-62FD-4AA3-AE39-B673FFBF71C8}
	EndGlobalSection
EndGlobal
